
Microsoft Visual Studio Solution File, Format Version 12.00
# Visual Studio Version 16
VisualStudioVersion = 16.0.30621.155
MinimumVisualStudioVersion = 10.0.40219.1
Project("{FAE04EC0-301F-11D3-BF4B-00C04F79EFBC}") = "ModerationTools", "ModerationTools.csproj", "{E73EFD65-CB7E-4F68-A231-50224FFECA21}"
EndProject
Global
	GlobalSection(SolutionConfigurationPlatforms) = preSolution
		Debug|Any CPU = Debug|Any CPU
		Release|Any CPU = Release|Any CPU
	EndGlobalSection
	GlobalSection(ProjectConfigurationPlatforms) = postSolution
		{E73EFD65-CB7E-4F68-A231-50224FFECA21}.Debug|Any CPU.ActiveCfg = Debug|Any CPU
		{E73EFD65-CB7E-4F68-A231-50224FFECA21}.Debug|Any CPU.Build.0 = Debug|Any CPU
		{E73EFD65-CB7E-4F68-A231-50224FFECA21}.Release|Any CPU.ActiveCfg = Release|Any CPU
		{E73EFD65-CB7E-4F68-A231-50224FFECA21}.Release|Any CPU.Build.0 = Release|Any CPU
	EndGlobalSection
	GlobalSection(SolutionProperties) = preSolution
		HideSolutionNode = FALSE
	EndGlobalSection
	GlobalSection(ExtensibilityGlobals) = postSolution
		SolutionGuid = {97B089CF-28C2-47E9-97B9-0238785B07EA}
	EndGlobalSection
EndGlobal
